
Microsoft Visual Studio Solution File, Format Version 12.00
# Visual Studio Version 17
VisualStudioVersion = 17.8.34525.116
MinimumVisualStudioVersion = 10.0.40219.1
Project("{FAE04EC0-301F-11D3-BF4B-00C04F79EFBC}") = "ConsoleArray4", "ConsoleArray4\ConsoleArray4.csproj", "{9BBF2849-16F2-4BA9-9698-7DC0BB3D6609}"
EndProject
Global
	GlobalSection(SolutionConfigurationPlatforms) = preSolution
		Debug|Any CPU = Debug|Any CPU
		Release|Any CPU = Release|Any CPU
	EndGlobalSection
	GlobalSection(ProjectConfigurationPlatforms) = postSolution
		{9BBF2849-16F2-4BA9-9698-7DC0BB3D6609}.Debug|Any CPU.ActiveCfg = Debug|Any CPU
		{9BBF2849-16F2-4BA9-9698-7DC0BB3D6609}.Debug|Any CPU.Build.0 = Debug|Any CPU
		{9BBF2849-16F2-4BA9-9698-7DC0BB3D6609}.Release|Any CPU.ActiveCfg = Release|Any CPU
		{9BBF2849-16F2-4BA9-9698-7DC0BB3D6609}.Release|Any CPU.Build.0 = Release|Any CPU
	EndGlobalSection
	GlobalSection(SolutionProperties) = preSolution
		HideSolutionNode = FALSE
	EndGlobalSection
	GlobalSection(ExtensibilityGlobals) = postSolution
		SolutionGuid = {84260AE0-505A-4F24-B45A-D5117F2B72F8}
	EndGlobalSection
EndGlobal
